
Microsoft Visual Studio Solution File, Format Version 12.00
# Visual Studio 2012
Project("{FAE04EC0-301F-11D3-BF4B-00C04F79EFBC}") = "CheckoutBusinessLogic", "CheckoutBusinessLogic\CheckoutBusinessLogic.csproj", "{8774039E-CAF0-494F-BF48-7AE00D83FEE0}"
EndProject
Project("{FAE04EC0-301F-11D3-BF4B-00C04F79EFBC}") = "CheckoutBusinessLogicTest", "CheckoutBusinessLogicTest\CheckoutBusinessLogicTest.csproj", "{600492B0-2513-4D9E-9B5C-A4F367A95432}"
EndProject
Project("{FAE04EC0-301F-11D3-BF4B-00C04F79EFBC}") = "CheckoutServiceProxy", "CheckoutServiceProxy\CheckoutServiceProxy.csproj", "{6D9A04F4-DBA6-432A-A5F0-1EAF6BE63696}"
EndProject
Project("{FAE04EC0-301F-11D3-BF4B-00C04F79EFBC}") = "CheckoutUI", "CheckoutUI\CheckoutUI.csproj", "{4D3B24F9-BF52-4B3F-9B46-9DEDC4957E29}"
EndProject
Global
	GlobalSection(SolutionConfigurationPlatforms) = preSolution
		Debug|Any CPU = Debug|Any CPU
		Release|Any CPU = Release|Any CPU
	EndGlobalSection
	GlobalSection(ProjectConfigurationPlatforms) = postSolution
		{8774039E-CAF0-494F-BF48-7AE00D83FEE0}.Debug|Any CPU.ActiveCfg = Debug|Any CPU
		{8774039E-CAF0-494F-BF48-7AE00D83FEE0}.Debug|Any CPU.Build.0 = Debug|Any CPU
		{8774039E-CAF0-494F-BF48-7AE00D83FEE0}.Release|Any CPU.ActiveCfg = Release|Any CPU
		{8774039E-CAF0-494F-BF48-7AE00D83FEE0}.Release|Any CPU.Build.0 = Release|Any CPU
		{600492B0-2513-4D9E-9B5C-A4F367A95432}.Debug|Any CPU.ActiveCfg = Debug|Any CPU
		{600492B0-2513-4D9E-9B5C-A4F367A95432}.Debug|Any CPU.Build.0 = Debug|Any CPU
		{600492B0-2513-4D9E-9B5C-A4F367A95432}.Release|Any CPU.ActiveCfg = Release|Any CPU
		{600492B0-2513-4D9E-9B5C-A4F367A95432}.Release|Any CPU.Build.0 = Release|Any CPU
		{6D9A04F4-DBA6-432A-A5F0-1EAF6BE63696}.Debug|Any CPU.ActiveCfg = Debug|Any CPU
		{6D9A04F4-DBA6-432A-A5F0-1EAF6BE63696}.Debug|Any CPU.Build.0 = Debug|Any CPU
		{6D9A04F4-DBA6-432A-A5F0-1EAF6BE63696}.Release|Any CPU.ActiveCfg = Release|Any CPU
		{6D9A04F4-DBA6-432A-A5F0-1EAF6BE63696}.Release|Any CPU.Build.0 = Release|Any CPU
		{4D3B24F9-BF52-4B3F-9B46-9DEDC4957E29}.Debug|Any CPU.ActiveCfg = Debug|Any CPU
		{4D3B24F9-BF52-4B3F-9B46-9DEDC4957E29}.Debug|Any CPU.Build.0 = Debug|Any CPU
		{4D3B24F9-BF52-4B3F-9B46-9DEDC4957E29}.Release|Any CPU.ActiveCfg = Release|Any CPU
		{4D3B24F9-BF52-4B3F-9B46-9DEDC4957E29}.Release|Any CPU.Build.0 = Release|Any CPU
	EndGlobalSection
	GlobalSection(SolutionProperties) = preSolution
		HideSolutionNode = FALSE
	EndGlobalSection
EndGlobal
